
Microsoft Visual Studio Solution File, Format Version 12.00
# Visual Studio Version 16
VisualStudioVersion = 16.0.31112.23
MinimumVisualStudioVersion = 10.0.40219.1
Project("{FAE04EC0-301F-11D3-BF4B-00C04F79EFBC}") = "r09546042_TerryYang_Assignment11", "r09546042_TerryYang_Assignment11\r09546042_TerryYang_Assignment11.csproj", "{47D81055-1034-4676-910D-6799190535B8}"
EndProject
Global
	GlobalSection(SolutionConfigurationPlatforms) = preSolution
		Debug|Any CPU = Debug|Any CPU
		Release|Any CPU = Release|Any CPU
	EndGlobalSection
	GlobalSection(ProjectConfigurationPlatforms) = postSolution
		{47D81055-1034-4676-910D-6799190535B8}.Debug|Any CPU.ActiveCfg = Debug|Any CPU
		{47D81055-1034-4676-910D-6799190535B8}.Debug|Any CPU.Build.0 = Debug|Any CPU
		{47D81055-1034-4676-910D-6799190535B8}.Release|Any CPU.ActiveCfg = Release|Any CPU
		{47D81055-1034-4676-910D-6799190535B8}.Release|Any CPU.Build.0 = Release|Any CPU
	EndGlobalSection
	GlobalSection(SolutionProperties) = preSolution
		HideSolutionNode = FALSE
	EndGlobalSection
	GlobalSection(ExtensibilityGlobals) = postSolution
		SolutionGuid = {FC96353C-7D3A-42C1-9E68-D6E64DBFF612}
	EndGlobalSection
EndGlobal
