
Microsoft Visual Studio Solution File, Format Version 12.00
# Visual Studio Version 16
VisualStudioVersion = 16.0.31112.23
MinimumVisualStudioVersion = 10.0.40219.1
Project("{FAE04EC0-301F-11D3-BF4B-00C04F79EFBC}") = "r09546042_TerryYang_Assignment10", "r09546042_TerryYang_Assignment10\r09546042_TerryYang_Assignment10.csproj", "{4515CFFB-D520-4718-8685-5658AB3FC51F}"
EndProject
Project("{FAE04EC0-301F-11D3-BF4B-00C04F79EFBC}") = "Particle_Swamp_Optimizer", "Particle_Swamp_Optimizer\Particle_Swamp_Optimizer.csproj", "{0BDE6500-ACDC-4136-8FA0-FD62E79BEDB2}"
EndProject
Global
	GlobalSection(SolutionConfigurationPlatforms) = preSolution
		Debug|Any CPU = Debug|Any CPU
		Release|Any CPU = Release|Any CPU
	EndGlobalSection
	GlobalSection(ProjectConfigurationPlatforms) = postSolution
		{4515CFFB-D520-4718-8685-5658AB3FC51F}.Debug|Any CPU.ActiveCfg = Debug|Any CPU
		{4515CFFB-D520-4718-8685-5658AB3FC51F}.Debug|Any CPU.Build.0 = Debug|Any CPU
		{4515CFFB-D520-4718-8685-5658AB3FC51F}.Release|Any CPU.ActiveCfg = Release|Any CPU
		{4515CFFB-D520-4718-8685-5658AB3FC51F}.Release|Any CPU.Build.0 = Release|Any CPU
		{0BDE6500-ACDC-4136-8FA0-FD62E79BEDB2}.Debug|Any CPU.ActiveCfg = Debug|Any CPU
		{0BDE6500-ACDC-4136-8FA0-FD62E79BEDB2}.Debug|Any CPU.Build.0 = Debug|Any CPU
		{0BDE6500-ACDC-4136-8FA0-FD62E79BEDB2}.Release|Any CPU.ActiveCfg = Release|Any CPU
		{0BDE6500-ACDC-4136-8FA0-FD62E79BEDB2}.Release|Any CPU.Build.0 = Release|Any CPU
	EndGlobalSection
	GlobalSection(SolutionProperties) = preSolution
		HideSolutionNode = FALSE
	EndGlobalSection
	GlobalSection(ExtensibilityGlobals) = postSolution
		SolutionGuid = {775836FD-4D94-4CC9-9C13-EFD96FB67782}
	EndGlobalSection
EndGlobal
