
Microsoft Visual Studio Solution File, Format Version 12.00
# Visual Studio Version 16
VisualStudioVersion = 16.0.31112.23
MinimumVisualStudioVersion = 10.0.40219.1
Project("{FAE04EC0-301F-11D3-BF4B-00C04F79EFBC}") = "r09546042_TerryYang_FinalProject", "r09546042_TerryYang_FinalProject\r09546042_TerryYang_FinalProject.csproj", "{2166C831-0B20-4045-8BFA-11372AA4D9A7}"
EndProject
Project("{FAE04EC0-301F-11D3-BF4B-00C04F79EFBC}") = "ABC_library", "ABC_library\ABC_library.csproj", "{419ABE51-7D82-4BC3-B754-D616AED17EFC}"
EndProject
Global
	GlobalSection(SolutionConfigurationPlatforms) = preSolution
		Debug|Any CPU = Debug|Any CPU
		Release|Any CPU = Release|Any CPU
	EndGlobalSection
	GlobalSection(ProjectConfigurationPlatforms) = postSolution
		{2166C831-0B20-4045-8BFA-11372AA4D9A7}.Debug|Any CPU.ActiveCfg = Debug|Any CPU
		{2166C831-0B20-4045-8BFA-11372AA4D9A7}.Debug|Any CPU.Build.0 = Debug|Any CPU
		{2166C831-0B20-4045-8BFA-11372AA4D9A7}.Release|Any CPU.ActiveCfg = Release|Any CPU
		{2166C831-0B20-4045-8BFA-11372AA4D9A7}.Release|Any CPU.Build.0 = Release|Any CPU
		{419ABE51-7D82-4BC3-B754-D616AED17EFC}.Debug|Any CPU.ActiveCfg = Debug|Any CPU
		{419ABE51-7D82-4BC3-B754-D616AED17EFC}.Debug|Any CPU.Build.0 = Debug|Any CPU
		{419ABE51-7D82-4BC3-B754-D616AED17EFC}.Release|Any CPU.ActiveCfg = Release|Any CPU
		{419ABE51-7D82-4BC3-B754-D616AED17EFC}.Release|Any CPU.Build.0 = Release|Any CPU
	EndGlobalSection
	GlobalSection(SolutionProperties) = preSolution
		HideSolutionNode = FALSE
	EndGlobalSection
	GlobalSection(ExtensibilityGlobals) = postSolution
		SolutionGuid = {B9D78797-3BA7-4637-8FEC-2515E0DBC6F8}
	EndGlobalSection
EndGlobal
